
Microsoft Visual Studio Solution File, Format Version 12.00
# Visual Studio Version 17
VisualStudioVersion = 17.13.35825.156 d17.13
MinimumVisualStudioVersion = 10.0.40219.1
Project("{8BC9CEB8-8B4A-11D0-8D11-00A0C91BC942}") = "miniProject_db_server", "miniProject_db_server\miniProject_db_server.vcxproj", "{D04BB504-D249-4C68-9A05-B193AE101A24}"
EndProject
Global
	GlobalSection(SolutionConfigurationPlatforms) = preSolution
		Debug|x64 = Debug|x64
		Debug|x86 = Debug|x86
		Release|x64 = Release|x64
		Release|x86 = Release|x86
	EndGlobalSection
	GlobalSection(ProjectConfigurationPlatforms) = postSolution
		{D04BB504-D249-4C68-9A05-B193AE101A24}.Debug|x64.ActiveCfg = Debug|x64
		{D04BB504-D249-4C68-9A05-B193AE101A24}.Debug|x64.Build.0 = Debug|x64
		{D04BB504-D249-4C68-9A05-B193AE101A24}.Debug|x86.ActiveCfg = Debug|Win32
		{D04BB504-D249-4C68-9A05-B193AE101A24}.Debug|x86.Build.0 = Debug|Win32
		{D04BB504-D249-4C68-9A05-B193AE101A24}.Release|x64.ActiveCfg = Release|x64
		{D04BB504-D249-4C68-9A05-B193AE101A24}.Release|x64.Build.0 = Release|x64
		{D04BB504-D249-4C68-9A05-B193AE101A24}.Release|x86.ActiveCfg = Release|Win32
		{D04BB504-D249-4C68-9A05-B193AE101A24}.Release|x86.Build.0 = Release|Win32
	EndGlobalSection
	GlobalSection(SolutionProperties) = preSolution
		HideSolutionNode = FALSE
	EndGlobalSection
	GlobalSection(ExtensibilityGlobals) = postSolution
		SolutionGuid = {91C740CE-E5E4-4698-ABD9-121F39F961DA}
	EndGlobalSection
EndGlobal
